// !$*UTF8*$!
{
	archiveVersion = 1;
	classes = {
	};
	objectVersion = 48;
	objects = {

/* Begin PBXBuildFile section */
		E26962FF1F8D6F0E00739CC7 /* Images.xcassets in Resources */ = {isa = PBXBuildFile; fileRef = E26962FE1F8D6F0E00739CC7 /* Images.xcassets */; };
		E27DBD321F7D88B4003CC9D3 /* AppDelegate.swift in Sources */ = {isa = PBXBuildFile; fileRef = E27DBD311F7D88B4003CC9D3 /* AppDelegate.swift */; };
		E27DBD341F7D88B4003CC9D3 /* RecordAudioViewController.swift in Sources */ = {isa = PBXBuildFile; fileRef = E27DBD331F7D88B4003CC9D3 /* RecordAudioViewController.swift */; };
		E27DBD371F7D88B5003CC9D3 /* Main.storyboard in Resources */ = {isa = PBXBuildFile; fileRef = E27DBD351F7D88B5003CC9D3 /* Main.storyboard */; };
		E27DBD3A1F7D88B5003CC9D3 /* Pitch_Perfect.xcdatamodeld in Sources */ = {isa = PBXBuildFile; fileRef = E27DBD381F7D88B5003CC9D3 /* Pitch_Perfect.xcdatamodeld */; };
		E27DBD3C1F7D88B5003CC9D3 /* Assets.xcassets in Resources */ = {isa = PBXBuildFile; fileRef = E27DBD3B1F7D88B5003CC9D3 /* Assets.xcassets */; };
		E27DBD3F1F7D88B5003CC9D3 /* LaunchScreen.storyboard in Resources */ = {isa = PBXBuildFile; fileRef = E27DBD3D1F7D88B5003CC9D3 /* LaunchScreen.storyboard */; };
		E27DBD471F7DB58E003CC9D3 /* PlayAudioViewController.swift in Sources */ = {isa = PBXBuildFile; fileRef = E27DBD461F7DB58D003CC9D3 /* PlayAudioViewController.swift */; };
		E27DBD4B1F7DBC4E003CC9D3 /* PlayAudioViewController+Audio.swift in Sources */ = {isa = PBXBuildFile; fileRef = E27DBD4A1F7DBC4E003CC9D3 /* PlayAudioViewController+Audio.swift */; };
/* End PBXBuildFile section */

/* Begin PBXFileReference section */
		E26962FE1F8D6F0E00739CC7 /* Images.xcassets */ = {isa = PBXFileReference; lastKnownFileType = folder.assetcatalog; path = Images.xcassets; sourceTree = "<group>"; };
		E27DBD2E1F7D88B4003CC9D3 /* Pitch Perfect.app */ = {isa = PBXFileReference; explicitFileType = wrapper.application; includeInIndex = 0; path = "Pitch Perfect.app"; sourceTree = BUILT_PRODUCTS_DIR; };
		E27DBD311F7D88B4003CC9D3 /* AppDelegate.swift */ = {isa = PBXFileReference; lastKnownFileType = sourcecode.swift; path = AppDelegate.swift; sourceTree = "<group>"; };
		E27DBD331F7D88B4003CC9D3 /* RecordAudioViewController.swift */ = {isa = PBXFileReference; lastKnownFileType = sourcecode.swift; path = RecordAudioViewController.swift; sourceTree = "<group>"; };
		E27DBD361F7D88B5003CC9D3 /* Base */ = {isa = PBXFileReference; lastKnownFileType = file.storyboard; name = Base; path = Base.lproj/Main.storyboard; sourceTree = "<group>"; };
		E27DBD391F7D88B5003CC9D3 /* Pitch_Perfect.xcdatamodel */ = {isa = PBXFileReference; lastKnownFileType = wrapper.xcdatamodel; path = Pitch_Perfect.xcdatamodel; sourceTree = "<group>"; };
		E27DBD3B1F7D88B5003CC9D3 /* Assets.xcassets */ = {isa = PBXFileReference; lastKnownFileType = folder.assetcatalog; path = Assets.xcassets; sourceTree = "<group>"; };
		E27DBD3E1F7D88B5003CC9D3 /* Base */ = {isa = PBXFileReference; lastKnownFileType = file.storyboard; name = Base; path = Base.lproj/LaunchScreen.storyboard; sourceTree = "<group>"; };
		E27DBD401F7D88B5003CC9D3 /* Info.plist */ = {isa = PBXFileReference; lastKnownFileType = text.plist.xml; path = Info.plist; sourceTree = "<group>"; };
		E27DBD461F7DB58D003CC9D3 /* PlayAudioViewController.swift */ = {isa = PBXFileReference; lastKnownFileType = sourcecode.swift; path = PlayAudioViewController.swift; sourceTree = "<group>"; };
		E27DBD4A1F7DBC4E003CC9D3 /* PlayAudioViewController+Audio.swift */ = {isa = PBXFileReference; lastKnownFileType = sourcecode.swift; path = "PlayAudioViewController+Audio.swift"; sourceTree = "<group>"; };
/* End PBXFileReference section */

/* Begin PBXFrameworksBuildPhase section */
		E27DBD2B1F7D88B3003CC9D3 /* Frameworks */ = {
			isa = PBXFrameworksBuildPhase;
			buildActionMask = 2147483647;
			files = (
			);
			runOnlyForDeploymentPostprocessing = 0;
		};
/* End PBXFrameworksBuildPhase section */

/* Begin PBXGroup section */
		E27DBD251F7D88B2003CC9D3 = {
			isa = PBXGroup;
			children = (
				E27DBD301F7D88B4003CC9D3 /* Pitch Perfect */,
				E27DBD2F1F7D88B4003CC9D3 /* Products */,
			);
			sourceTree = "<group>";
		};
		E27DBD2F1F7D88B4003CC9D3 /* Products */ = {
			isa = PBXGroup;
			children = (
				E27DBD2E1F7D88B4003CC9D3 /* Pitch Perfect.app */,
			);
			name = Products;
			sourceTree = "<group>";
		};
		E27DBD301F7D88B4003CC9D3 /* Pitch Perfect */ = {
			isa = PBXGroup;
			children = (
				E27DBD311F7D88B4003CC9D3 /* AppDelegate.swift */,
				E27DBD331F7D88B4003CC9D3 /* RecordAudioViewController.swift */,
				E27DBD461F7DB58D003CC9D3 /* PlayAudioViewController.swift */,
				E27DBD4A1F7DBC4E003CC9D3 /* PlayAudioViewController+Audio.swift */,
				E27DBD351F7D88B5003CC9D3 /* Main.storyboard */,
				E27DBD3B1F7D88B5003CC9D3 /* Assets.xcassets */,
				E27DBD3D1F7D88B5003CC9D3 /* LaunchScreen.storyboard */,
				E27DBD401F7D88B5003CC9D3 /* Info.plist */,
				E27DBD381F7D88B5003CC9D3 /* Pitch_Perfect.xcdatamodeld */,
				E26962FE1F8D6F0E00739CC7 /* Images.xcassets */,
			);
			path = "Pitch Perfect";
			sourceTree = "<group>";
		};
/* End PBXGroup section */

/* Begin PBXNativeTarget section */
		E27DBD2D1F7D88B3003CC9D3 /* Pitch Perfect */ = {
			isa = PBXNativeTarget;
			buildConfigurationList = E27DBD431F7D88B5003CC9D3 /* Build configuration list for PBXNativeTarget "Pitch Perfect" */;
			buildPhases = (
				E27DBD2A1F7D88B3003CC9D3 /* Sources */,
				E27DBD2B1F7D88B3003CC9D3 /* Frameworks */,
				E27DBD2C1F7D88B3003CC9D3 /* Resources */,
			);
			buildRules = (
			);
			dependencies = (
			);
			name = "Pitch Perfect";
			productName = "Pitch Perfect";
			productReference = E27DBD2E1F7D88B4003CC9D3 /* Pitch Perfect.app */;
			productType = "com.apple.product-type.application";
		};
/* End PBXNativeTarget section */

/* Begin PBXProject section */
		E27DBD261F7D88B3003CC9D3 /* Project object */ = {
			isa = PBXProject;
			attributes = {
				LastSwiftUpdateCheck = 0900;
				LastUpgradeCheck = 0900;
				ORGANIZATIONNAME = "Flying Fish Studios";
				TargetAttributes = {
					E27DBD2D1F7D88B3003CC9D3 = {
						CreatedOnToolsVersion = 9.0;
						ProvisioningStyle = Automatic;
					};
				};
			};
			buildConfigurationList = E27DBD291F7D88B3003CC9D3 /* Build configuration list for PBXProject "Pitch Perfect" */;
			compatibilityVersion = "Xcode 8.0";
			developmentRegion = en;
			hasScannedForEncodings = 0;
			knownRegions = (
				en,
				Base,
			);
			mainGroup = E27DBD251F7D88B2003CC9D3;
			productRefGroup = E27DBD2F1F7D88B4003CC9D3 /* Products */;
			projectDirPath = "";
			projectRoot = "";
			targets = (
				E27DBD2D1F7D88B3003CC9D3 /* Pitch Perfect */,
			);
		};
/* End PBXProject section */

/* Begin PBXResourcesBuildPhase section */
		E27DBD2C1F7D88B3003CC9D3 /* Resources */ = {
			isa = PBXResourcesBuildPhase;
			buildActionMask = 2147483647;
			files = (
				E27DBD3F1F7D88B5003CC9D3 /* LaunchScreen.storyboard in Resources */,
				E26962FF1F8D6F0E00739CC7 /* Images.xcassets in Resources */,
				E27DBD3C1F7D88B5003CC9D3 /* Assets.xcassets in Resources */,
				E27DBD371F7D88B5003CC9D3 /* Main.storyboard in Resources */,
			);
			runOnlyForDeploymentPostprocessing = 0;
		};
/* End PBXResourcesBuildPhase section */

/* Begin PBXSourcesBuildPhase section */
		E27DBD2A1F7D88B3003CC9D3 /* Sources */ = {
			isa = PBXSourcesBuildPhase;
			buildActionMask = 2147483647;
			files = (
				E27DBD4B1F7DBC4E003CC9D3 /* PlayAudioViewController+Audio.swift in Sources */,
				E27DBD341F7D88B4003CC9D3 /* RecordAudioViewController.swift in Sources */,
				E27DBD321F7D88B4003CC9D3 /* AppDelegate.swift in Sources */,
				E27DBD3A1F7D88B5003CC9D3 /* Pitch_Perfect.xcdatamodeld in Sources */,
				E27DBD471F7DB58E003CC9D3 /* PlayAudioViewController.swift in Sources */,
			);
			runOnlyForDeploymentPostprocessing = 0;
		};
/* End PBXSourcesBuildPhase section */

/* Begin PBXVariantGroup section */
		E27DBD351F7D88B5003CC9D3 /* Main.storyboard */ = {
			isa = PBXVariantGroup;
			children = (
				E27DBD361F7D88B5003CC9D3 /* Base */,
			);
			name = Main.storyboard;
			sourceTree = "<group>";
		};
		E27DBD3D1F7D88B5003CC9D3 /* LaunchScreen.storyboard */ = {
			isa = PBXVariantGroup;
			children = (
				E27DBD3E1F7D88B5003CC9D3 /* Base */,
			);
			name = LaunchScreen.storyboard;
			sourceTree = "<group>";
		};
/* End PBXVariantGroup section */

/* Begin XCBuildConfiguration section */
		E27DBD411F7D88B5003CC9D3 /* Debug */ = {
			isa = XCBuildConfiguration;
			buildSettings = {
				ALWAYS_SEARCH_USER_PATHS = NO;
				CLANG_ANALYZER_NONNULL = YES;
				CLANG_ANALYZER_NUMBER_OBJECT_CONVERSION = YES_AGGRESSIVE;
				CLANG_CXX_LANGUAGE_STANDARD = "gnu++14";
				CLANG_CXX_LIBRARY = "libc++";
				CLANG_ENABLE_MODULES = YES;
				CLANG_ENABLE_OBJC_ARC = YES;
				CLANG_WARN_BLOCK_CAPTURE_AUTORELEASING = YES;
				CLANG_WARN_BOOL_CONVERSION = YES;
				CLANG_WARN_COMMA = YES;
				CLANG_WARN_CONSTANT_CONVERSION = YES;
				CLANG_WARN_DIRECT_OBJC_ISA_USAGE = YES_ERROR;
				CLANG_WARN_DOCUMENTATION_COMMENTS = YES;
				CLANG_WARN_EMPTY_BODY = YES;
				CLANG_WARN_ENUM_CONVERSION = YES;
				CLANG_WARN_INFINITE_RECURSION = YES;
				CLANG_WARN_INT_CONVERSION = YES;
				CLANG_WARN_NON_LITERAL_NULL_CONVERSION = YES;
				CLANG_WARN_OBJC_LITERAL_CONVERSION = YES;
				CLANG_WARN_OBJC_ROOT_CLASS = YES_ERROR;
				CLANG_WARN_RANGE_LOOP_ANALYSIS = YES;
				CLANG_WARN_STRICT_PROTOTYPES = YES;
				CLANG_WARN_SUSPICIOUS_MOVE = YES;
				CLANG_WARN_UNGUARDED_AVAILABILITY = YES_AGGRESSIVE;
				CLANG_WARN_UNREACHABLE_CODE = YES;
				CLANG_WARN__DUPLICATE_METHOD_MATCH = YES;
				CODE_SIGN_IDENTITY = "iPhone Developer";
				COPY_PHASE_STRIP = NO;
				DEBUG_INFORMATION_FORMAT = dwarf;
				ENABLE_STRICT_OBJC_MSGSEND = YES;
				ENABLE_TESTABILITY = YES;
				GCC_C_LANGUAGE_STANDARD = gnu11;
				GCC_DYNAMIC_NO_PIC = NO;
				GCC_NO_COMMON_BLOCKS = YES;
				GCC_OPTIMIZATION_LEVEL = 0;
				GCC_PREPROCESSOR_DEFINITIONS = (
					"DEBUG=1",
					"$(inherited)",
				);
				GCC_WARN_64_TO_32_BIT_CONVERSION = YES;
				GCC_WARN_ABOUT_RETURN_TYPE = YES_ERROR;
				GCC_WARN_UNDECLARED_SELECTOR = YES;
				GCC_WARN_UNINITIALIZED_AUTOS = YES_AGGRESSIVE;
				GCC_WARN_UNUSED_FUNCTION = YES;
				GCC_WARN_UNUSED_VARIABLE = YES;
				IPHONEOS_DEPLOYMENT_TARGET = 11.0;
				MTL_ENABLE_DEBUG_INFO = YES;
				ONLY_ACTIVE_ARCH = YES;
				SDKROOT = iphoneos;
				SWIFT_ACTIVE_COMPILATION_CONDITIONS = DEBUG;
				SWIFT_OPTIMIZATION_LEVEL = "-Onone";
			};
			name = Debug;
		};
		E27DBD421F7D88B5003CC9D3 /* Release */ = {
			isa = XCBuildConfiguration;
			buildSettings = {
				ALWAYS_SEARCH_USER_PATHS = NO;
				CLANG_ANALYZER_NONNULL = YES;
				CLANG_ANALYZER_NUMBER_OBJECT_CONVERSION = YES_AGGRESSIVE;
				CLANG_CXX_LANGUAGE_STANDARD = "gnu++14";
				CLANG_CXX_LIBRARY = "libc++";
				CLANG_ENABLE_MODULES = YES;
				CLANG_ENABLE_OBJC_ARC = YES;
				CLANG_WARN_BLOCK_CAPTURE_AUTORELEASING = YES;
				CLANG_WARN_BOOL_CONVERSION = YES;
				CLANG_WARN_COMMA = YES;
				CLANG_WARN_CONSTANT_CONVERSION = YES;
				CLANG_WARN_DIRECT_OBJC_ISA_USAGE = YES_ERROR;
				CLANG_WARN_DOCUMENTATION_COMMENTS = YES;
				CLANG_WARN_EMPTY_BODY = YES;
				CLANG_WARN_ENUM_CONVERSION = YES;
				CLANG_WARN_INFINITE_RECURSION = YES;
				CLANG_WARN_INT_CONVERSION = YES;
				CLANG_WARN_NON_LITERAL_NULL_CONVERSION = YES;
				CLANG_WARN_OBJC_LITERAL_CONVERSION = YES;
				CLANG_WARN_OBJC_ROOT_CLASS = YES_ERROR;
				CLANG_WARN_RANGE_LOOP_ANALYSIS = YES;
				CLANG_WARN_STRICT_PROTOTYPES = YES;
				CLANG_WARN_SUSPICIOUS_MOVE = YES;
				CLANG_WARN_UNGUARDED_AVAILABILITY = YES_AGGRESSIVE;
				CLANG_WARN_UNREACHABLE_CODE = YES;
				CLANG_WARN__DUPLICATE_METHOD_MATCH = YES;
				CODE_SIGN_IDENTITY = "iPhone Developer";
				COPY_PHASE_STRIP = NO;
				DEBUG_INFORMATION_FORMAT = "dwarf-with-dsym";
				ENABLE_NS_ASSERTIONS = NO;
				ENABLE_STRICT_OBJC_MSGSEND = YES;
				GCC_C_LANGUAGE_STANDARD = gnu11;
				GCC_NO_COMMON_BLOCKS = YES;
				GCC_WARN_64_TO_32_BIT_CONVERSION = YES;
				GCC_WARN_ABOUT_RETURN_TYPE = YES_ERROR;
				GCC_WARN_UNDECLARED_SELECTOR = YES;
				GCC_WARN_UNINITIALIZED_AUTOS = YES_AGGRESSIVE;
				GCC_WARN_UNUSED_FUNCTION = YES;
				GCC_WARN_UNUSED_VARIABLE = YES;
				IPHONEOS_DEPLOYMENT_TARGET = 11.0;
				MTL_ENABLE_DEBUG_INFO = NO;
				SDKROOT = iphoneos;
				SWIFT_OPTIMIZATION_LEVEL = "-Owholemodule";
				VALIDATE_PRODUCT = YES;
			};
			name = Release;
		};
		E27DBD441F7D88B5003CC9D3 /* Debug */ = {
			isa = XCBuildConfiguration;
			buildSettings = {
				ASSETCATALOG_COMPILER_APPICON_NAME = AppIcon;
				CODE_SIGN_STYLE = Automatic;
				DEVELOPMENT_TEAM = NT785HZ26U;
				INFOPLIST_FILE = "Pitch Perfect/Info.plist";
				LD_RUNPATH_SEARCH_PATHS = "$(inherited) @executable_path/Frameworks";
				PRODUCT_BUNDLE_IDENTIFIER = "Flying-Fish-Studios.Pitch-Perfect";
				PRODUCT_NAME = "$(TARGET_NAME)";
				SWIFT_VERSION = 4.0;
				TARGETED_DEVICE_FAMILY = "1,2";
			};
			name = Debug;
		};
		E27DBD451F7D88B5003CC9D3 /* Release */ = {
			isa = XCBuildConfiguration;
			buildSettings = {
				ASSETCATALOG_COMPILER_APPICON_NAME = AppIcon;
				CODE_SIGN_STYLE = Automatic;
				DEVELOPMENT_TEAM = NT785HZ26U;
				INFOPLIST_FILE = "Pitch Perfect/Info.plist";
				LD_RUNPATH_SEARCH_PATHS = "$(inherited) @executable_path/Frameworks";
				PRODUCT_BUNDLE_IDENTIFIER = "Flying-Fish-Studios.Pitch-Perfect";
				PRODUCT_NAME = "$(TARGET_NAME)";
				SWIFT_VERSION = 4.0;
				TARGETED_DEVICE_FAMILY = "1,2";
			};
			name = Release;
		};
/* End XCBuildConfiguration section */

/* Begin XCConfigurationList section */
		E27DBD291F7D88B3003CC9D3 /* Build configuration list for PBXProject "Pitch Perfect" */ = {
			isa = XCConfigurationList;
			buildConfigurations = (
				E27DBD411F7D88B5003CC9D3 /* Debug */,
				E27DBD421F7D88B5003CC9D3 /* Release */,
			);
			defaultConfigurationIsVisible = 0;
			defaultConfigurationName = Release;
		};
		E27DBD431F7D88B5003CC9D3 /* Build configuration list for PBXNativeTarget "Pitch Perfect" */ = {
			isa = XCConfigurationList;
			buildConfigurations = (
				E27DBD441F7D88B5003CC9D3 /* Debug */,
				E27DBD451F7D88B5003CC9D3 /* Release */,
			);
			defaultConfigurationIsVisible = 0;
			defaultConfigurationName = Release;
		};
/* End XCConfigurationList section */

/* Begin XCVersionGroup section */
		E27DBD381F7D88B5003CC9D3 /* Pitch_Perfect.xcdatamodeld */ = {
			isa = XCVersionGroup;
			children = (
				E27DBD391F7D88B5003CC9D3 /* Pitch_Perfect.xcdatamodel */,
			);
			currentVersion = E27DBD391F7D88B5003CC9D3 /* Pitch_Perfect.xcdatamodel */;
			path = Pitch_Perfect.xcdatamodeld;
			sourceTree = "<group>";
			versionGroupType = wrapper.xcdatamodel;
		};
/* End XCVersionGroup section */
	};
	rootObject = E27DBD261F7D88B3003CC9D3 /* Project object */;
}
